
Microsoft Visual Studio Solution File, Format Version 12.00
# Visual Studio Version 16
VisualStudioVersion = 16.0.28803.202
MinimumVisualStudioVersion = 10.0.40219.1
Project("{FAE04EC0-301F-11D3-BF4B-00C04F79EFBC}") = "ReqDotNet", "ReqDotNet.csproj", "{AB0D126A-2A03-4B64-914A-39AA78466B49}"
EndProject
Global
	GlobalSection(SolutionConfigurationPlatforms) = preSolution
		Debug|Any CPU = Debug|Any CPU
		Release|Any CPU = Release|Any CPU
	EndGlobalSection
	GlobalSection(ProjectConfigurationPlatforms) = postSolution
		{AB0D126A-2A03-4B64-914A-39AA78466B49}.Debug|Any CPU.ActiveCfg = Debug|Any CPU
		{AB0D126A-2A03-4B64-914A-39AA78466B49}.Debug|Any CPU.Build.0 = Debug|Any CPU
		{AB0D126A-2A03-4B64-914A-39AA78466B49}.Release|Any CPU.ActiveCfg = Release|Any CPU
		{AB0D126A-2A03-4B64-914A-39AA78466B49}.Release|Any CPU.Build.0 = Release|Any CPU
	EndGlobalSection
	GlobalSection(SolutionProperties) = preSolution
		HideSolutionNode = FALSE
	EndGlobalSection
	GlobalSection(ExtensibilityGlobals) = postSolution
		SolutionGuid = {964A9032-DDAD-4AD0-B95F-4696B16B22A5}
	EndGlobalSection
EndGlobal
